
Microsoft Visual Studio Solution File, Format Version 12.00
# Visual Studio Version 17
VisualStudioVersion = 17.7.34221.43
MinimumVisualStudioVersion = 10.0.40219.1
Project("{9A19103F-16F7-4668-BE54-9A1E7A4F7556}") = "Unicam.Paradigmi.118301.Restaurant.Web", "Unicam.Paradigmi.118301.Restaurant.Web\Unicam.Paradigmi.118301.Restaurant.Web.csproj", "{E1FD49DE-432E-42EA-8975-45588D7C5933}"
EndProject
Project("{9A19103F-16F7-4668-BE54-9A1E7A4F7556}") = "Unicam.Paradigmi.118301.Models", "Model\Unicam.Paradigmi.118301.Models.csproj", "{4A712B6B-2BFD-4052-9019-CD5C2ECFD4E5}"
EndProject
Project("{9A19103F-16F7-4668-BE54-9A1E7A4F7556}") = "Unicam.Paradigmi.118301.Infrastructure", "Infrastructure\Unicam.Paradigmi.118301.Infrastructure.csproj", "{8876998D-0BBB-466A-AE91-2FA23C217603}"
EndProject
Project("{9A19103F-16F7-4668-BE54-9A1E7A4F7556}") = "Unicam.Paradigmi.118301.Application", "Application\Unicam.Paradigmi.118301.Application.csproj", "{051F6AB9-870D-4DC1-BC36-FC2D5CCCA2F0}"
EndProject
Global
	GlobalSection(SolutionConfigurationPlatforms) = preSolution
		Debug|Any CPU = Debug|Any CPU
		Release|Any CPU = Release|Any CPU
	EndGlobalSection
	GlobalSection(ProjectConfigurationPlatforms) = postSolution
		{E1FD49DE-432E-42EA-8975-45588D7C5933}.Debug|Any CPU.ActiveCfg = Debug|Any CPU
		{E1FD49DE-432E-42EA-8975-45588D7C5933}.Debug|Any CPU.Build.0 = Debug|Any CPU
		{E1FD49DE-432E-42EA-8975-45588D7C5933}.Release|Any CPU.ActiveCfg = Release|Any CPU
		{E1FD49DE-432E-42EA-8975-45588D7C5933}.Release|Any CPU.Build.0 = Release|Any CPU
		{4A712B6B-2BFD-4052-9019-CD5C2ECFD4E5}.Debug|Any CPU.ActiveCfg = Debug|Any CPU
		{4A712B6B-2BFD-4052-9019-CD5C2ECFD4E5}.Debug|Any CPU.Build.0 = Debug|Any CPU
		{4A712B6B-2BFD-4052-9019-CD5C2ECFD4E5}.Release|Any CPU.ActiveCfg = Release|Any CPU
		{4A712B6B-2BFD-4052-9019-CD5C2ECFD4E5}.Release|Any CPU.Build.0 = Release|Any CPU
		{8876998D-0BBB-466A-AE91-2FA23C217603}.Debug|Any CPU.ActiveCfg = Debug|Any CPU
		{8876998D-0BBB-466A-AE91-2FA23C217603}.Debug|Any CPU.Build.0 = Debug|Any CPU
		{8876998D-0BBB-466A-AE91-2FA23C217603}.Release|Any CPU.ActiveCfg = Release|Any CPU
		{8876998D-0BBB-466A-AE91-2FA23C217603}.Release|Any CPU.Build.0 = Release|Any CPU
		{051F6AB9-870D-4DC1-BC36-FC2D5CCCA2F0}.Debug|Any CPU.ActiveCfg = Debug|Any CPU
		{051F6AB9-870D-4DC1-BC36-FC2D5CCCA2F0}.Debug|Any CPU.Build.0 = Debug|Any CPU
		{051F6AB9-870D-4DC1-BC36-FC2D5CCCA2F0}.Release|Any CPU.ActiveCfg = Release|Any CPU
		{051F6AB9-870D-4DC1-BC36-FC2D5CCCA2F0}.Release|Any CPU.Build.0 = Release|Any CPU
	EndGlobalSection
	GlobalSection(SolutionProperties) = preSolution
		HideSolutionNode = FALSE
	EndGlobalSection
	GlobalSection(ExtensibilityGlobals) = postSolution
		SolutionGuid = {82BD7C32-A51E-4AC1-8619-823A4161F62F}
	EndGlobalSection
EndGlobal
